{
  "name": "@openluncher/api/generated/data-access-db",
  "version": "0.0.1",
  "lockfileVersion": 2,
  "requires": true,
  "packages": {
    "": {
      "name": "@openluncher/api/generated/data-access-db",
      "version": "0.0.1",
      "dependencies": {
        "@prisma/client": "^4.8.0"
      }
    },
    "node_modules/@prisma/client": {
      "version": "4.8.0",
      "resolved": "https://registry.npmjs.org/@prisma/client/-/client-4.8.0.tgz",
      "integrity": "sha512-Y1riB0p2W52kh3zgssP/YAhln3RjBFcJy3uwEiyjmU+TQYh6QTZDRFBo3JtBWuq2FyMOl1Rye8jxzUP+n0l5Cg==",
      "hasInstallScript": true,
      "dependencies": {
        "@prisma/engines-version": "4.8.0-61.d6e67a83f971b175a593ccc12e15c4a757f93ffe"
      },
      "engines": {
        "node": ">=14.17"
      },
      "peerDependencies": {
        "prisma": "*"
      },
      "peerDependenciesMeta": {
        "prisma": {
          "optional": true
        }
      }
    },
    "node_modules/@prisma/engines-version": {
      "version": "4.8.0-61.d6e67a83f971b175a593ccc12e15c4a757f93ffe",
      "resolved": "https://registry.npmjs.org/@prisma/engines-version/-/engines-version-4.8.0-61.d6e67a83f971b175a593ccc12e15c4a757f93ffe.tgz",
      "integrity": "sha512-MHSOSexomRMom8QN4t7bu87wPPD+pa+hW9+71JnVcF3DqyyO/ycCLhRL1we3EojRpZxKvuyGho2REQsMCvxcJw=="
    }
  },
  "dependencies": {
    "@prisma/client": {
      "version": "4.8.0",
      "resolved": "https://registry.npmjs.org/@prisma/client/-/client-4.8.0.tgz",
      "integrity": "sha512-Y1riB0p2W52kh3zgssP/YAhln3RjBFcJy3uwEiyjmU+TQYh6QTZDRFBo3JtBWuq2FyMOl1Rye8jxzUP+n0l5Cg==",
      "requires": {
        "@prisma/engines-version": "4.8.0-61.d6e67a83f971b175a593ccc12e15c4a757f93ffe"
      }
    },
    "@prisma/engines-version": {
      "version": "4.8.0-61.d6e67a83f971b175a593ccc12e15c4a757f93ffe",
      "resolved": "https://registry.npmjs.org/@prisma/engines-version/-/engines-version-4.8.0-61.d6e67a83f971b175a593ccc12e15c4a757f93ffe.tgz",
      "integrity": "sha512-MHSOSexomRMom8QN4t7bu87wPPD+pa+hW9+71JnVcF3DqyyO/ycCLhRL1we3EojRpZxKvuyGho2REQsMCvxcJw=="
    }
  }
}
